// !$*UTF8*$!
{
	archiveVersion = 1;
	classes = {
	};
	objectVersion = 55;
	objects = {

/* Begin PBXBuildFile section */
		82195CA5278103DA000DC1DD /* kumain.c in Sources */ = {isa = PBXBuildFile; fileRef = 82E8AB86275FCA23003A7A54 /* kumain.c */; };
		82195CA6278103DA000DC1DD /* main.c in Sources */ = {isa = PBXBuildFile; fileRef = 82EE3AF1274EE08100D6B09E /* main.c */; };
		82195CA7278103DA000DC1DD /* kumu.c in Sources */ = {isa = PBXBuildFile; fileRef = 82EE3AF9274EE0B600D6B09E /* kumu.c */; };
		82195CB027810855000DC1DD /* libreadline.tbd in Frameworks */ = {isa = PBXBuildFile; fileRef = 82195CAF278103E8000DC1DD /* libreadline.tbd */; };
		82E8AB83275FC069003A7A54 /* kutest.c in Sources */ = {isa = PBXBuildFile; fileRef = 82E8AB82275FC069003A7A54 /* kutest.c */; };
		82E8AB84275FC1A7003A7A54 /* kumu.c in Sources */ = {isa = PBXBuildFile; fileRef = 82EE3AF9274EE0B600D6B09E /* kumu.c */; };
		82E8AB87275FCA23003A7A54 /* kumain.c in Sources */ = {isa = PBXBuildFile; fileRef = 82E8AB86275FCA23003A7A54 /* kumain.c */; };
		82EE3AF2274EE08100D6B09E /* main.c in Sources */ = {isa = PBXBuildFile; fileRef = 82EE3AF1274EE08100D6B09E /* main.c */; };
		82EE3AFA274EE0B600D6B09E /* kumu.c in Sources */ = {isa = PBXBuildFile; fileRef = 82EE3AF9274EE0B600D6B09E /* kumu.c */; };
		82F283B927531F77008A1DBD /* tests_macOS.m in Sources */ = {isa = PBXBuildFile; fileRef = 82F283B827531F77008A1DBD /* tests_macOS.m */; };
/* End PBXBuildFile section */

/* Begin PBXCopyFilesBuildPhase section */
		82195CA9278103DA000DC1DD /* CopyFiles */ = {
			isa = PBXCopyFilesBuildPhase;
			buildActionMask = 2147483647;
			dstPath = /usr/share/man/man1/;
			dstSubfolderSpec = 0;
			files = (
			);
			runOnlyForDeploymentPostprocessing = 1;
		};
		82EE3AEC274EE08100D6B09E /* CopyFiles */ = {
			isa = PBXCopyFilesBuildPhase;
			buildActionMask = 2147483647;
			dstPath = /usr/share/man/man1/;
			dstSubfolderSpec = 0;
			files = (
			);
			runOnlyForDeploymentPostprocessing = 1;
		};
/* End PBXCopyFilesBuildPhase section */

/* Begin PBXFileReference section */
		82195CAD278103DA000DC1DD /* kumu */ = {isa = PBXFileReference; explicitFileType = "compiled.mach-o.executable"; includeInIndex = 0; path = kumu; sourceTree = BUILT_PRODUCTS_DIR; };
		82195CAF278103E8000DC1DD /* libreadline.tbd */ = {isa = PBXFileReference; lastKnownFileType = "sourcecode.text-based-dylib-definition"; name = libreadline.tbd; path = usr/lib/libreadline.tbd; sourceTree = SDKROOT; };
		82E8AB81275FC069003A7A54 /* kutest.h */ = {isa = PBXFileReference; lastKnownFileType = sourcecode.c.h; path = kutest.h; sourceTree = "<group>"; };
		82E8AB82275FC069003A7A54 /* kutest.c */ = {isa = PBXFileReference; lastKnownFileType = sourcecode.c.c; path = kutest.c; sourceTree = "<group>"; };
		82E8AB85275FCA23003A7A54 /* kumain.h */ = {isa = PBXFileReference; lastKnownFileType = sourcecode.c.h; path = kumain.h; sourceTree = "<group>"; };
		82E8AB86275FCA23003A7A54 /* kumain.c */ = {isa = PBXFileReference; lastKnownFileType = sourcecode.c.c; path = kumain.c; sourceTree = "<group>"; };
		82EE3AEE274EE08100D6B09E /* kumu */ = {isa = PBXFileReference; explicitFileType = "compiled.mach-o.executable"; includeInIndex = 0; path = kumu; sourceTree = BUILT_PRODUCTS_DIR; };
		82EE3AF1274EE08100D6B09E /* main.c */ = {isa = PBXFileReference; lastKnownFileType = sourcecode.c.c; path = main.c; sourceTree = "<group>"; };
		82EE3AF8274EE0B600D6B09E /* kumu.h */ = {isa = PBXFileReference; lastKnownFileType = sourcecode.c.h; path = kumu.h; sourceTree = "<group>"; };
		82EE3AF9274EE0B600D6B09E /* kumu.c */ = {isa = PBXFileReference; lastKnownFileType = sourcecode.c.c; path = kumu.c; sourceTree = "<group>"; };
		82F283B627531F77008A1DBD /* tests_macOS.xctest */ = {isa = PBXFileReference; explicitFileType = wrapper.cfbundle; includeInIndex = 0; path = tests_macOS.xctest; sourceTree = BUILT_PRODUCTS_DIR; };
		82F283B827531F77008A1DBD /* tests_macOS.m */ = {isa = PBXFileReference; lastKnownFileType = sourcecode.c.objc; path = tests_macOS.m; sourceTree = "<group>"; };
/* End PBXFileReference section */

/* Begin PBXFrameworksBuildPhase section */
		82195CA8278103DA000DC1DD /* Frameworks */ = {
			isa = PBXFrameworksBuildPhase;
			buildActionMask = 2147483647;
			files = (
				82195CB027810855000DC1DD /* libreadline.tbd in Frameworks */,
			);
			runOnlyForDeploymentPostprocessing = 0;
		};
		82EE3AEB274EE08100D6B09E /* Frameworks */ = {
			isa = PBXFrameworksBuildPhase;
			buildActionMask = 2147483647;
			files = (
			);
			runOnlyForDeploymentPostprocessing = 0;
		};
		82F283B327531F77008A1DBD /* Frameworks */ = {
			isa = PBXFrameworksBuildPhase;
			buildActionMask = 2147483647;
			files = (
			);
			runOnlyForDeploymentPostprocessing = 0;
		};
/* End PBXFrameworksBuildPhase section */

/* Begin PBXGroup section */
		82195CAE278103E8000DC1DD /* Frameworks */ = {
			isa = PBXGroup;
			children = (
				82195CAF278103E8000DC1DD /* libreadline.tbd */,
			);
			name = Frameworks;
			sourceTree = "<group>";
		};
		82EE3AE5274EE08100D6B09E = {
			isa = PBXGroup;
			children = (
				82EE3AF0274EE08100D6B09E /* kumu */,
				82F283B727531F77008A1DBD /* tests_macOS */,
				82EE3AEF274EE08100D6B09E /* Products */,
				82195CAE278103E8000DC1DD /* Frameworks */,
			);
			sourceTree = "<group>";
		};
		82EE3AEF274EE08100D6B09E /* Products */ = {
			isa = PBXGroup;
			children = (
				82EE3AEE274EE08100D6B09E /* kumu */,
				82F283B627531F77008A1DBD /* tests_macOS.xctest */,
				82195CAD278103DA000DC1DD /* kumu */,
			);
			name = Products;
			sourceTree = "<group>";
		};
		82EE3AF0274EE08100D6B09E /* kumu */ = {
			isa = PBXGroup;
			children = (
				82EE3AF1274EE08100D6B09E /* main.c */,
				82EE3AF8274EE0B600D6B09E /* kumu.h */,
				82EE3AF9274EE0B600D6B09E /* kumu.c */,
				82E8AB81275FC069003A7A54 /* kutest.h */,
				82E8AB82275FC069003A7A54 /* kutest.c */,
				82E8AB85275FCA23003A7A54 /* kumain.h */,
				82E8AB86275FCA23003A7A54 /* kumain.c */,
			);
			path = kumu;
			sourceTree = "<group>";
		};
		82F283B727531F77008A1DBD /* tests_macOS */ = {
			isa = PBXGroup;
			children = (
				82F283B827531F77008A1DBD /* tests_macOS.m */,
			);
			path = tests_macOS;
			sourceTree = "<group>";
		};
/* End PBXGroup section */

/* Begin PBXNativeTarget section */
		82195CA3278103DA000DC1DD /* kumu_readline */ = {
			isa = PBXNativeTarget;
			buildConfigurationList = 82195CAA278103DA000DC1DD /* Build configuration list for PBXNativeTarget "kumu_readline" */;
			buildPhases = (
				82195CA4278103DA000DC1DD /* Sources */,
				82195CA8278103DA000DC1DD /* Frameworks */,
				82195CA9278103DA000DC1DD /* CopyFiles */,
			);
			buildRules = (
			);
			dependencies = (
			);
			name = kumu_readline;
			productName = kumu;
			productReference = 82195CAD278103DA000DC1DD /* kumu */;
			productType = "com.apple.product-type.tool";
		};
		82EE3AED274EE08100D6B09E /* kumu */ = {
			isa = PBXNativeTarget;
			buildConfigurationList = 82EE3AF5274EE08100D6B09E /* Build configuration list for PBXNativeTarget "kumu" */;
			buildPhases = (
				82EE3AEA274EE08100D6B09E /* Sources */,
				82EE3AEB274EE08100D6B09E /* Frameworks */,
				82EE3AEC274EE08100D6B09E /* CopyFiles */,
			);
			buildRules = (
			);
			dependencies = (
			);
			name = kumu;
			productName = kumu;
			productReference = 82EE3AEE274EE08100D6B09E /* kumu */;
			productType = "com.apple.product-type.tool";
		};
		82F283B527531F77008A1DBD /* tests_macOS */ = {
			isa = PBXNativeTarget;
			buildConfigurationList = 82F283BA27531F77008A1DBD /* Build configuration list for PBXNativeTarget "tests_macOS" */;
			buildPhases = (
				82F283B227531F77008A1DBD /* Sources */,
				82F283B327531F77008A1DBD /* Frameworks */,
				82F283B427531F77008A1DBD /* Resources */,
			);
			buildRules = (
			);
			dependencies = (
			);
			name = tests_macOS;
			productName = tests_macOS;
			productReference = 82F283B627531F77008A1DBD /* tests_macOS.xctest */;
			productType = "com.apple.product-type.bundle.unit-test";
		};
/* End PBXNativeTarget section */

/* Begin PBXProject section */
		82EE3AE6274EE08100D6B09E /* Project object */ = {
			isa = PBXProject;
			attributes = {
				BuildIndependentTargetsInParallel = 1;
				LastUpgradeCheck = 1310;
				TargetAttributes = {
					82EE3AED274EE08100D6B09E = {
						CreatedOnToolsVersion = 13.1;
					};
					82F283B527531F77008A1DBD = {
						CreatedOnToolsVersion = 13.1;
					};
				};
			};
			buildConfigurationList = 82EE3AE9274EE08100D6B09E /* Build configuration list for PBXProject "kumu" */;
			compatibilityVersion = "Xcode 13.0";
			developmentRegion = en;
			hasScannedForEncodings = 0;
			knownRegions = (
				en,
				Base,
			);
			mainGroup = 82EE3AE5274EE08100D6B09E;
			productRefGroup = 82EE3AEF274EE08100D6B09E /* Products */;
			projectDirPath = "";
			projectRoot = "";
			targets = (
				82EE3AED274EE08100D6B09E /* kumu */,
				82F283B527531F77008A1DBD /* tests_macOS */,
				82195CA3278103DA000DC1DD /* kumu_readline */,
			);
		};
/* End PBXProject section */

/* Begin PBXResourcesBuildPhase section */
		82F283B427531F77008A1DBD /* Resources */ = {
			isa = PBXResourcesBuildPhase;
			buildActionMask = 2147483647;
			files = (
			);
			runOnlyForDeploymentPostprocessing = 0;
		};
/* End PBXResourcesBuildPhase section */

/* Begin PBXSourcesBuildPhase section */
		82195CA4278103DA000DC1DD /* Sources */ = {
			isa = PBXSourcesBuildPhase;
			buildActionMask = 2147483647;
			files = (
				82195CA5278103DA000DC1DD /* kumain.c in Sources */,
				82195CA6278103DA000DC1DD /* main.c in Sources */,
				82195CA7278103DA000DC1DD /* kumu.c in Sources */,
			);
			runOnlyForDeploymentPostprocessing = 0;
		};
		82EE3AEA274EE08100D6B09E /* Sources */ = {
			isa = PBXSourcesBuildPhase;
			buildActionMask = 2147483647;
			files = (
				82E8AB87275FCA23003A7A54 /* kumain.c in Sources */,
				82EE3AF2274EE08100D6B09E /* main.c in Sources */,
				82EE3AFA274EE0B600D6B09E /* kumu.c in Sources */,
			);
			runOnlyForDeploymentPostprocessing = 0;
		};
		82F283B227531F77008A1DBD /* Sources */ = {
			isa = PBXSourcesBuildPhase;
			buildActionMask = 2147483647;
			files = (
				82F283B927531F77008A1DBD /* tests_macOS.m in Sources */,
				82E8AB84275FC1A7003A7A54 /* kumu.c in Sources */,
				82E8AB83275FC069003A7A54 /* kutest.c in Sources */,
			);
			runOnlyForDeploymentPostprocessing = 0;
		};
/* End PBXSourcesBuildPhase section */

/* Begin XCBuildConfiguration section */
		82195CAB278103DA000DC1DD /* Debug */ = {
			isa = XCBuildConfiguration;
			buildSettings = {
				CODE_SIGN_STYLE = Automatic;
				GCC_PREPROCESSOR_DEFINITIONS = USE_READLINE;
				PRODUCT_NAME = kumu;
			};
			name = Debug;
		};
		82195CAC278103DA000DC1DD /* Release */ = {
			isa = XCBuildConfiguration;
			buildSettings = {
				CODE_SIGN_STYLE = Automatic;
				GCC_PREPROCESSOR_DEFINITIONS = USE_READLINE;
				PRODUCT_NAME = kumu;
			};
			name = Release;
		};
		82EE3AF3274EE08100D6B09E /* Debug */ = {
			isa = XCBuildConfiguration;
			buildSettings = {
				ALWAYS_SEARCH_USER_PATHS = NO;
				CLANG_ANALYZER_NONNULL = YES;
				CLANG_ANALYZER_NUMBER_OBJECT_CONVERSION = YES_AGGRESSIVE;
				CLANG_CXX_LANGUAGE_STANDARD = "gnu++17";
				CLANG_CXX_LIBRARY = "libc++";
				CLANG_ENABLE_MODULES = YES;
				CLANG_ENABLE_OBJC_ARC = YES;
				CLANG_ENABLE_OBJC_WEAK = YES;
				CLANG_WARN_BLOCK_CAPTURE_AUTORELEASING = YES;
				CLANG_WARN_BOOL_CONVERSION = YES;
				CLANG_WARN_COMMA = YES;
				CLANG_WARN_CONSTANT_CONVERSION = YES;
				CLANG_WARN_DEPRECATED_OBJC_IMPLEMENTATIONS = YES;
				CLANG_WARN_DIRECT_OBJC_ISA_USAGE = YES_ERROR;
				CLANG_WARN_DOCUMENTATION_COMMENTS = YES;
				CLANG_WARN_EMPTY_BODY = YES;
				CLANG_WARN_ENUM_CONVERSION = YES;
				CLANG_WARN_INFINITE_RECURSION = YES;
				CLANG_WARN_INT_CONVERSION = YES;
				CLANG_WARN_NON_LITERAL_NULL_CONVERSION = YES;
				CLANG_WARN_OBJC_IMPLICIT_RETAIN_SELF = YES;
				CLANG_WARN_OBJC_LITERAL_CONVERSION = YES;
				CLANG_WARN_OBJC_ROOT_CLASS = YES_ERROR;
				CLANG_WARN_QUOTED_INCLUDE_IN_FRAMEWORK_HEADER = YES;
				CLANG_WARN_RANGE_LOOP_ANALYSIS = YES;
				CLANG_WARN_STRICT_PROTOTYPES = YES;
				CLANG_WARN_SUSPICIOUS_MOVE = YES;
				CLANG_WARN_UNGUARDED_AVAILABILITY = YES_AGGRESSIVE;
				CLANG_WARN_UNREACHABLE_CODE = YES;
				CLANG_WARN__DUPLICATE_METHOD_MATCH = YES;
				COPY_PHASE_STRIP = NO;
				DEBUG_INFORMATION_FORMAT = dwarf;
				ENABLE_STRICT_OBJC_MSGSEND = YES;
				ENABLE_TESTABILITY = YES;
				GCC_C_LANGUAGE_STANDARD = gnu11;
				GCC_DYNAMIC_NO_PIC = NO;
				GCC_NO_COMMON_BLOCKS = YES;
				GCC_OPTIMIZATION_LEVEL = 0;
				GCC_PREPROCESSOR_DEFINITIONS = (
					"DEBUG=1",
					"$(inherited)",
				);
				GCC_WARN_64_TO_32_BIT_CONVERSION = YES;
				GCC_WARN_ABOUT_RETURN_TYPE = YES_ERROR;
				GCC_WARN_UNDECLARED_SELECTOR = YES;
				GCC_WARN_UNINITIALIZED_AUTOS = YES_AGGRESSIVE;
				GCC_WARN_UNUSED_FUNCTION = YES;
				GCC_WARN_UNUSED_VARIABLE = YES;
				MACOSX_DEPLOYMENT_TARGET = 12.0;
				MTL_ENABLE_DEBUG_INFO = INCLUDE_SOURCE;
				MTL_FAST_MATH = YES;
				ONLY_ACTIVE_ARCH = YES;
				SDKROOT = macosx;
			};
			name = Debug;
		};
		82EE3AF4274EE08100D6B09E /* Release */ = {
			isa = XCBuildConfiguration;
			buildSettings = {
				ALWAYS_SEARCH_USER_PATHS = NO;
				CLANG_ANALYZER_NONNULL = YES;
				CLANG_ANALYZER_NUMBER_OBJECT_CONVERSION = YES_AGGRESSIVE;
				CLANG_CXX_LANGUAGE_STANDARD = "gnu++17";
				CLANG_CXX_LIBRARY = "libc++";
				CLANG_ENABLE_MODULES = YES;
				CLANG_ENABLE_OBJC_ARC = YES;
				CLANG_ENABLE_OBJC_WEAK = YES;
				CLANG_WARN_BLOCK_CAPTURE_AUTORELEASING = YES;
				CLANG_WARN_BOOL_CONVERSION = YES;
				CLANG_WARN_COMMA = YES;
				CLANG_WARN_CONSTANT_CONVERSION = YES;
				CLANG_WARN_DEPRECATED_OBJC_IMPLEMENTATIONS = YES;
				CLANG_WARN_DIRECT_OBJC_ISA_USAGE = YES_ERROR;
				CLANG_WARN_DOCUMENTATION_COMMENTS = YES;
				CLANG_WARN_EMPTY_BODY = YES;
				CLANG_WARN_ENUM_CONVERSION = YES;
				CLANG_WARN_INFINITE_RECURSION = YES;
				CLANG_WARN_INT_CONVERSION = YES;
				CLANG_WARN_NON_LITERAL_NULL_CONVERSION = YES;
				CLANG_WARN_OBJC_IMPLICIT_RETAIN_SELF = YES;
				CLANG_WARN_OBJC_LITERAL_CONVERSION = YES;
				CLANG_WARN_OBJC_ROOT_CLASS = YES_ERROR;
				CLANG_WARN_QUOTED_INCLUDE_IN_FRAMEWORK_HEADER = YES;
				CLANG_WARN_RANGE_LOOP_ANALYSIS = YES;
				CLANG_WARN_STRICT_PROTOTYPES = YES;
				CLANG_WARN_SUSPICIOUS_MOVE = YES;
				CLANG_WARN_UNGUARDED_AVAILABILITY = YES_AGGRESSIVE;
				CLANG_WARN_UNREACHABLE_CODE = YES;
				CLANG_WARN__DUPLICATE_METHOD_MATCH = YES;
				COPY_PHASE_STRIP = NO;
				DEBUG_INFORMATION_FORMAT = "dwarf-with-dsym";
				ENABLE_NS_ASSERTIONS = NO;
				ENABLE_STRICT_OBJC_MSGSEND = YES;
				GCC_C_LANGUAGE_STANDARD = gnu11;
				GCC_NO_COMMON_BLOCKS = YES;
				GCC_WARN_64_TO_32_BIT_CONVERSION = YES;
				GCC_WARN_ABOUT_RETURN_TYPE = YES_ERROR;
				GCC_WARN_UNDECLARED_SELECTOR = YES;
				GCC_WARN_UNINITIALIZED_AUTOS = YES_AGGRESSIVE;
				GCC_WARN_UNUSED_FUNCTION = YES;
				GCC_WARN_UNUSED_VARIABLE = YES;
				MACOSX_DEPLOYMENT_TARGET = 12.0;
				MTL_ENABLE_DEBUG_INFO = NO;
				MTL_FAST_MATH = YES;
				SDKROOT = macosx;
			};
			name = Release;
		};
		82EE3AF6274EE08100D6B09E /* Debug */ = {
			isa = XCBuildConfiguration;
			buildSettings = {
				CODE_SIGN_STYLE = Automatic;
				GCC_PREPROCESSOR_DEFINITIONS = "DEBUG=1";
				PRODUCT_NAME = "$(TARGET_NAME)";
			};
			name = Debug;
		};
		82EE3AF7274EE08100D6B09E /* Release */ = {
			isa = XCBuildConfiguration;
			buildSettings = {
				CODE_SIGN_STYLE = Automatic;
				GCC_PREPROCESSOR_DEFINITIONS = "";
				PRODUCT_NAME = "$(TARGET_NAME)";
			};
			name = Release;
		};
		82F283BB27531F77008A1DBD /* Debug */ = {
			isa = XCBuildConfiguration;
			buildSettings = {
				CODE_SIGN_STYLE = Automatic;
				COMBINE_HIDPI_IMAGES = YES;
				CURRENT_PROJECT_VERSION = 1;
				GCC_PREPROCESSOR_DEFINITIONS = "DEBUG=1";
				GENERATE_INFOPLIST_FILE = YES;
				LD_RUNPATH_SEARCH_PATHS = (
					"$(inherited)",
					"@executable_path/../Frameworks",
					"@loader_path/../Frameworks",
				);
				MARKETING_VERSION = 1.0;
				PRODUCT_BUNDLE_IDENTIFIER = "com.velentir.tests-macOS";
				PRODUCT_NAME = "$(TARGET_NAME)";
				SWIFT_EMIT_LOC_STRINGS = NO;
			};
			name = Debug;
		};
		82F283BC27531F77008A1DBD /* Release */ = {
			isa = XCBuildConfiguration;
			buildSettings = {
				CODE_SIGN_STYLE = Automatic;
				COMBINE_HIDPI_IMAGES = YES;
				CURRENT_PROJECT_VERSION = 1;
				GCC_PREPROCESSOR_DEFINITIONS = "";
				GENERATE_INFOPLIST_FILE = YES;
				LD_RUNPATH_SEARCH_PATHS = (
					"$(inherited)",
					"@executable_path/../Frameworks",
					"@loader_path/../Frameworks",
				);
				MARKETING_VERSION = 1.0;
				PRODUCT_BUNDLE_IDENTIFIER = "com.velentir.tests-macOS";
				PRODUCT_NAME = "$(TARGET_NAME)";
				SWIFT_EMIT_LOC_STRINGS = NO;
			};
			name = Release;
		};
/* End XCBuildConfiguration section */

/* Begin XCConfigurationList section */
		82195CAA278103DA000DC1DD /* Build configuration list for PBXNativeTarget "kumu_readline" */ = {
			isa = XCConfigurationList;
			buildConfigurations = (
				82195CAB278103DA000DC1DD /* Debug */,
				82195CAC278103DA000DC1DD /* Release */,
			);
			defaultConfigurationIsVisible = 0;
			defaultConfigurationName = Release;
		};
		82EE3AE9274EE08100D6B09E /* Build configuration list for PBXProject "kumu" */ = {
			isa = XCConfigurationList;
			buildConfigurations = (
				82EE3AF3274EE08100D6B09E /* Debug */,
				82EE3AF4274EE08100D6B09E /* Release */,
			);
			defaultConfigurationIsVisible = 0;
			defaultConfigurationName = Release;
		};
		82EE3AF5274EE08100D6B09E /* Build configuration list for PBXNativeTarget "kumu" */ = {
			isa = XCConfigurationList;
			buildConfigurations = (
				82EE3AF6274EE08100D6B09E /* Debug */,
				82EE3AF7274EE08100D6B09E /* Release */,
			);
			defaultConfigurationIsVisible = 0;
			defaultConfigurationName = Release;
		};
		82F283BA27531F77008A1DBD /* Build configuration list for PBXNativeTarget "tests_macOS" */ = {
			isa = XCConfigurationList;
			buildConfigurations = (
				82F283BB27531F77008A1DBD /* Debug */,
				82F283BC27531F77008A1DBD /* Release */,
			);
			defaultConfigurationIsVisible = 0;
			defaultConfigurationName = Release;
		};
/* End XCConfigurationList section */
	};
	rootObject = 82EE3AE6274EE08100D6B09E /* Project object */;
}
